
Microsoft Visual Studio Solution File, Format Version 12.00
# Visual Studio Version 17
VisualStudioVersion = 17.5.33414.496
MinimumVisualStudioVersion = 10.0.40219.1
Project("{9A19103F-16F7-4668-BE54-9A1E7A4F7556}") = "LibraryRegisterAPI", "LibraryRegisterAPI\LibraryRegisterAPI.csproj", "{23CFE643-7A1F-40A5-A80B-0906843FE4C8}"
	ProjectSection(ProjectDependencies) = postProject
		{D6F78E5E-995D-42BC-ABC0-84350732DB00} = {D6F78E5E-995D-42BC-ABC0-84350732DB00}
	EndProjectSection
EndProject
Project("{9A19103F-16F7-4668-BE54-9A1E7A4F7556}") = "LibraryClientApp", "LibraryClientApp\LibraryClientApp.csproj", "{0874BE52-D52A-4A5C-9DA0-A443E868D3B8}"
EndProject
Project("{9A19103F-16F7-4668-BE54-9A1E7A4F7556}") = "LibraryAdminApp", "LibraryAdminApp\LibraryAdminApp.csproj", "{0E84B8BD-795C-485B-A6D8-3DD1C72FC90B}"
	ProjectSection(ProjectDependencies) = postProject
		{D6F78E5E-995D-42BC-ABC0-84350732DB00} = {D6F78E5E-995D-42BC-ABC0-84350732DB00}
	EndProjectSection
EndProject
Project("{FAE04EC0-301F-11D3-BF4B-00C04F79EFBC}") = "ClassLibrary", "ClassLibrary\ClassLibrary.csproj", "{D6F78E5E-995D-42BC-ABC0-84350732DB00}"
EndProject
Global
	GlobalSection(SolutionConfigurationPlatforms) = preSolution
		Debug|Any CPU = Debug|Any CPU
		Release|Any CPU = Release|Any CPU
	EndGlobalSection
	GlobalSection(ProjectConfigurationPlatforms) = postSolution
		{23CFE643-7A1F-40A5-A80B-0906843FE4C8}.Debug|Any CPU.ActiveCfg = Debug|Any CPU
		{23CFE643-7A1F-40A5-A80B-0906843FE4C8}.Debug|Any CPU.Build.0 = Debug|Any CPU
		{23CFE643-7A1F-40A5-A80B-0906843FE4C8}.Release|Any CPU.ActiveCfg = Release|Any CPU
		{23CFE643-7A1F-40A5-A80B-0906843FE4C8}.Release|Any CPU.Build.0 = Release|Any CPU
		{0874BE52-D52A-4A5C-9DA0-A443E868D3B8}.Debug|Any CPU.ActiveCfg = Debug|Any CPU
		{0874BE52-D52A-4A5C-9DA0-A443E868D3B8}.Debug|Any CPU.Build.0 = Debug|Any CPU
		{0874BE52-D52A-4A5C-9DA0-A443E868D3B8}.Release|Any CPU.ActiveCfg = Release|Any CPU
		{0874BE52-D52A-4A5C-9DA0-A443E868D3B8}.Release|Any CPU.Build.0 = Release|Any CPU
		{0E84B8BD-795C-485B-A6D8-3DD1C72FC90B}.Debug|Any CPU.ActiveCfg = Debug|Any CPU
		{0E84B8BD-795C-485B-A6D8-3DD1C72FC90B}.Debug|Any CPU.Build.0 = Debug|Any CPU
		{0E84B8BD-795C-485B-A6D8-3DD1C72FC90B}.Release|Any CPU.ActiveCfg = Release|Any CPU
		{0E84B8BD-795C-485B-A6D8-3DD1C72FC90B}.Release|Any CPU.Build.0 = Release|Any CPU
		{D6F78E5E-995D-42BC-ABC0-84350732DB00}.Debug|Any CPU.ActiveCfg = Debug|Any CPU
		{D6F78E5E-995D-42BC-ABC0-84350732DB00}.Debug|Any CPU.Build.0 = Debug|Any CPU
		{D6F78E5E-995D-42BC-ABC0-84350732DB00}.Release|Any CPU.ActiveCfg = Release|Any CPU
		{D6F78E5E-995D-42BC-ABC0-84350732DB00}.Release|Any CPU.Build.0 = Release|Any CPU
	EndGlobalSection
	GlobalSection(SolutionProperties) = preSolution
		HideSolutionNode = FALSE
	EndGlobalSection
	GlobalSection(ExtensibilityGlobals) = postSolution
		SolutionGuid = {241D87EB-5E8C-4FA8-ADDC-564414162DCB}
	EndGlobalSection
EndGlobal
